{
  "nodes": {
    "nixpkgs": {
      "locked": {
        "lastModified": 1671383270,
        "narHash": "sha256-1HL2hqx042sf+tWdZ2JXjCU/rlPPUSlriI1XB1oHr3I=",
        "owner": "NixOS",
        "repo": "nixpkgs",
        "rev": "e1781706639c96c35a777cf9637f5aa3efa57bb3",
        "type": "github"
      },
      "original": {
        "owner": "NixOS",
        "ref": "release-22.11",
        "repo": "nixpkgs",
        "type": "github"
      }
    },
    "root": {
      "inputs": {
        "nixpkgs": "nixpkgs"
      }
    }
  },
  "root": "root",
  "version": 7
}
